
Microsoft Visual Studio Solution File, Format Version 12.00
# Visual Studio Version 17
VisualStudioVersion = 17.0.31903.59
MinimumVisualStudioVersion = 10.0.40219.1
Project("{2150E333-8FDC-42A3-9474-1A3956D46DE8}") = "day1", "day1", "{FD7AD439-043E-48AA-BAFA-CF3C6ED84975}"
EndProject
Project("{FAE04EC0-301F-11D3-BF4B-00C04F79EFBC}") = "Day1", "day1\Day1\Day1.csproj", "{70642CDB-7598-45E0-9147-97F258AA3CDB}"
EndProject
Project("{2150E333-8FDC-42A3-9474-1A3956D46DE8}") = "day4", "day4", "{3EF55394-1362-4F02-8A10-C71C928E47A7}"
EndProject
Project("{FAE04EC0-301F-11D3-BF4B-00C04F79EFBC}") = "Day4", "day4\Day4\Day4.csproj", "{CF46FAC0-8B73-4679-AA33-48D35A8A9A2E}"
EndProject
Project("{FAE04EC0-301F-11D3-BF4B-00C04F79EFBC}") = "Day4.Tests", "day4\Day4.Tests\Day4.Tests.csproj", "{E43BA17B-3CAA-4B0E-BDCF-B15FC08269BE}"
EndProject
Project("{2150E333-8FDC-42A3-9474-1A3956D46DE8}") = "day2", "day2", "{C66F1D73-9011-4227-B409-9F1E92480D56}"
EndProject
Project("{FAE04EC0-301F-11D3-BF4B-00C04F79EFBC}") = "Day2", "day2\Day2\Day2.csproj", "{80959C6A-1390-4CB2-ADE4-59BD4E0AA4E1}"
EndProject
Project("{FAE04EC0-301F-11D3-BF4B-00C04F79EFBC}") = "Day2.Tests", "day2\Day2.Tests\Day2.Tests.csproj", "{07C0B567-4592-4017-A6E2-D55117874408}"
EndProject
Project("{2150E333-8FDC-42A3-9474-1A3956D46DE8}") = "day3", "day3", "{32B83C64-1DE3-46B5-8540-942A14419162}"
EndProject
Project("{FAE04EC0-301F-11D3-BF4B-00C04F79EFBC}") = "Day3", "day3\Day3\Day3.csproj", "{85A84B34-C5BA-4055-BDD6-3DBD1A477202}"
EndProject
Project("{FAE04EC0-301F-11D3-BF4B-00C04F79EFBC}") = "Day3.Tests", "day3\Day3.Tests\Day3.Tests.csproj", "{0B0FFAAF-F749-407C-A0E9-3FF996D3A33F}"
EndProject
Project("{2150E333-8FDC-42A3-9474-1A3956D46DE8}") = "day5", "day5", "{1BC05D3B-475C-4405-8033-6F5129A4A8B6}"
EndProject
Project("{FAE04EC0-301F-11D3-BF4B-00C04F79EFBC}") = "Day5", "day5\Day5\Day5.csproj", "{AF11B2B1-D97A-450B-90F9-861A008BD511}"
EndProject
Project("{FAE04EC0-301F-11D3-BF4B-00C04F79EFBC}") = "Day5.Tests", "day5\Day5.Tests\Day5.Tests.csproj", "{338769E6-08F7-42BA-B1BD-824875B2BFBA}"
EndProject
Project("{2150E333-8FDC-42A3-9474-1A3956D46DE8}") = "day7", "day7", "{01238A0F-03B7-4275-9A57-41C652A31DBA}"
EndProject
Project("{FAE04EC0-301F-11D3-BF4B-00C04F79EFBC}") = "Day7", "day7\Day7\Day7.csproj", "{FB81E450-7F5B-45F6-A371-E6733D8E8F8F}"
EndProject
Project("{FAE04EC0-301F-11D3-BF4B-00C04F79EFBC}") = "Day7.Tests", "day7\Day7.Tests\Day7.Tests.csproj", "{9741517B-F9A9-4CA4-A3BE-432BF881A339}"
EndProject
Project("{2150E333-8FDC-42A3-9474-1A3956D46DE8}") = "day8", "day8", "{7FD31B2C-E19F-4B93-A396-C7A815DDFAA0}"
EndProject
Project("{FAE04EC0-301F-11D3-BF4B-00C04F79EFBC}") = "Day8", "day8\Day8\Day8.csproj", "{795AF844-932C-409C-90C4-FCCA24DE076A}"
EndProject
Project("{FAE04EC0-301F-11D3-BF4B-00C04F79EFBC}") = "Day8.Tests", "day8\Day8.Tests\Day8.Tests.csproj", "{8904DE99-7185-4961-8D9C-F621D3B68281}"
EndProject
Project("{2150E333-8FDC-42A3-9474-1A3956D46DE8}") = "day9", "day9", "{091FD808-C450-4A08-A048-57F762EDE3A4}"
EndProject
Project("{FAE04EC0-301F-11D3-BF4B-00C04F79EFBC}") = "Day9", "day9\Day9\Day9.csproj", "{8F624408-944E-4607-99E1-C1CE81182B0C}"
EndProject
Project("{FAE04EC0-301F-11D3-BF4B-00C04F79EFBC}") = "Day9.Tests", "day9\Day9.Tests\Day9.Tests.csproj", "{297D7AD4-9C7D-40A8-B169-131E280AFB4E}"
EndProject
Project("{2150E333-8FDC-42A3-9474-1A3956D46DE8}") = "day6", "day6", "{44CC80B7-2390-4FE6-A286-E9225F663534}"
EndProject
Project("{FAE04EC0-301F-11D3-BF4B-00C04F79EFBC}") = "Day6", "day6\Day6\Day6.csproj", "{A4795B26-5F45-4A19-9843-391903FEE68A}"
EndProject
Project("{FAE04EC0-301F-11D3-BF4B-00C04F79EFBC}") = "Day6.Tests", "day6\Day6.Tests\Day6.Tests.csproj", "{70FCE3A0-A6EC-409E-B33A-14ACABC4D3F6}"
EndProject
Project("{2150E333-8FDC-42A3-9474-1A3956D46DE8}") = "day10", "day10", "{4732E965-0A8D-423F-A267-3CE11A378974}"
EndProject
Project("{FAE04EC0-301F-11D3-BF4B-00C04F79EFBC}") = "Day10", "day10\Day10\Day10.csproj", "{D6D9FF10-4FD4-4617-946B-83EA9312DA3D}"
EndProject
Project("{FAE04EC0-301F-11D3-BF4B-00C04F79EFBC}") = "Day10.Tests", "day10\Day10.Tests\Day10.Tests.csproj", "{2E8CF8A7-FAFE-4274-8A1F-D1F37EACC303}"
EndProject
Global
	GlobalSection(SolutionConfigurationPlatforms) = preSolution
		Debug|Any CPU = Debug|Any CPU
		Release|Any CPU = Release|Any CPU
	EndGlobalSection
	GlobalSection(SolutionProperties) = preSolution
		HideSolutionNode = FALSE
	EndGlobalSection
	GlobalSection(ProjectConfigurationPlatforms) = postSolution
		{70642CDB-7598-45E0-9147-97F258AA3CDB}.Debug|Any CPU.ActiveCfg = Debug|Any CPU
		{70642CDB-7598-45E0-9147-97F258AA3CDB}.Debug|Any CPU.Build.0 = Debug|Any CPU
		{70642CDB-7598-45E0-9147-97F258AA3CDB}.Release|Any CPU.ActiveCfg = Release|Any CPU
		{70642CDB-7598-45E0-9147-97F258AA3CDB}.Release|Any CPU.Build.0 = Release|Any CPU
		{CF46FAC0-8B73-4679-AA33-48D35A8A9A2E}.Debug|Any CPU.ActiveCfg = Debug|Any CPU
		{CF46FAC0-8B73-4679-AA33-48D35A8A9A2E}.Debug|Any CPU.Build.0 = Debug|Any CPU
		{CF46FAC0-8B73-4679-AA33-48D35A8A9A2E}.Release|Any CPU.ActiveCfg = Release|Any CPU
		{CF46FAC0-8B73-4679-AA33-48D35A8A9A2E}.Release|Any CPU.Build.0 = Release|Any CPU
		{E43BA17B-3CAA-4B0E-BDCF-B15FC08269BE}.Debug|Any CPU.ActiveCfg = Debug|Any CPU
		{E43BA17B-3CAA-4B0E-BDCF-B15FC08269BE}.Debug|Any CPU.Build.0 = Debug|Any CPU
		{E43BA17B-3CAA-4B0E-BDCF-B15FC08269BE}.Release|Any CPU.ActiveCfg = Release|Any CPU
		{E43BA17B-3CAA-4B0E-BDCF-B15FC08269BE}.Release|Any CPU.Build.0 = Release|Any CPU
		{3EE6A650-3997-4A41-A369-3884CF2463A1}.Debug|Any CPU.ActiveCfg = Debug|Any CPU
		{3EE6A650-3997-4A41-A369-3884CF2463A1}.Debug|Any CPU.Build.0 = Debug|Any CPU
		{3EE6A650-3997-4A41-A369-3884CF2463A1}.Release|Any CPU.ActiveCfg = Release|Any CPU
		{3EE6A650-3997-4A41-A369-3884CF2463A1}.Release|Any CPU.Build.0 = Release|Any CPU
		{89CA637A-7783-4E21-A8C2-7114825F4F3C}.Debug|Any CPU.ActiveCfg = Debug|Any CPU
		{89CA637A-7783-4E21-A8C2-7114825F4F3C}.Debug|Any CPU.Build.0 = Debug|Any CPU
		{89CA637A-7783-4E21-A8C2-7114825F4F3C}.Release|Any CPU.ActiveCfg = Release|Any CPU
		{89CA637A-7783-4E21-A8C2-7114825F4F3C}.Release|Any CPU.Build.0 = Release|Any CPU
		{01F65C21-2E97-48F0-8D02-C9BFBEA4E89E}.Debug|Any CPU.ActiveCfg = Debug|Any CPU
		{01F65C21-2E97-48F0-8D02-C9BFBEA4E89E}.Debug|Any CPU.Build.0 = Debug|Any CPU
		{01F65C21-2E97-48F0-8D02-C9BFBEA4E89E}.Release|Any CPU.ActiveCfg = Release|Any CPU
		{01F65C21-2E97-48F0-8D02-C9BFBEA4E89E}.Release|Any CPU.Build.0 = Release|Any CPU
		{80959C6A-1390-4CB2-ADE4-59BD4E0AA4E1}.Debug|Any CPU.ActiveCfg = Debug|Any CPU
		{80959C6A-1390-4CB2-ADE4-59BD4E0AA4E1}.Debug|Any CPU.Build.0 = Debug|Any CPU
		{80959C6A-1390-4CB2-ADE4-59BD4E0AA4E1}.Release|Any CPU.ActiveCfg = Release|Any CPU
		{80959C6A-1390-4CB2-ADE4-59BD4E0AA4E1}.Release|Any CPU.Build.0 = Release|Any CPU
		{07C0B567-4592-4017-A6E2-D55117874408}.Debug|Any CPU.ActiveCfg = Debug|Any CPU
		{07C0B567-4592-4017-A6E2-D55117874408}.Debug|Any CPU.Build.0 = Debug|Any CPU
		{07C0B567-4592-4017-A6E2-D55117874408}.Release|Any CPU.ActiveCfg = Release|Any CPU
		{07C0B567-4592-4017-A6E2-D55117874408}.Release|Any CPU.Build.0 = Release|Any CPU
		{85A84B34-C5BA-4055-BDD6-3DBD1A477202}.Debug|Any CPU.ActiveCfg = Debug|Any CPU
		{85A84B34-C5BA-4055-BDD6-3DBD1A477202}.Debug|Any CPU.Build.0 = Debug|Any CPU
		{85A84B34-C5BA-4055-BDD6-3DBD1A477202}.Release|Any CPU.ActiveCfg = Release|Any CPU
		{85A84B34-C5BA-4055-BDD6-3DBD1A477202}.Release|Any CPU.Build.0 = Release|Any CPU
		{0B0FFAAF-F749-407C-A0E9-3FF996D3A33F}.Debug|Any CPU.ActiveCfg = Debug|Any CPU
		{0B0FFAAF-F749-407C-A0E9-3FF996D3A33F}.Debug|Any CPU.Build.0 = Debug|Any CPU
		{0B0FFAAF-F749-407C-A0E9-3FF996D3A33F}.Release|Any CPU.ActiveCfg = Release|Any CPU
		{0B0FFAAF-F749-407C-A0E9-3FF996D3A33F}.Release|Any CPU.Build.0 = Release|Any CPU
		{AF11B2B1-D97A-450B-90F9-861A008BD511}.Debug|Any CPU.ActiveCfg = Debug|Any CPU
		{AF11B2B1-D97A-450B-90F9-861A008BD511}.Debug|Any CPU.Build.0 = Debug|Any CPU
		{AF11B2B1-D97A-450B-90F9-861A008BD511}.Release|Any CPU.ActiveCfg = Release|Any CPU
		{AF11B2B1-D97A-450B-90F9-861A008BD511}.Release|Any CPU.Build.0 = Release|Any CPU
		{338769E6-08F7-42BA-B1BD-824875B2BFBA}.Debug|Any CPU.ActiveCfg = Debug|Any CPU
		{338769E6-08F7-42BA-B1BD-824875B2BFBA}.Debug|Any CPU.Build.0 = Debug|Any CPU
		{338769E6-08F7-42BA-B1BD-824875B2BFBA}.Release|Any CPU.ActiveCfg = Release|Any CPU
		{338769E6-08F7-42BA-B1BD-824875B2BFBA}.Release|Any CPU.Build.0 = Release|Any CPU
		{FB81E450-7F5B-45F6-A371-E6733D8E8F8F}.Debug|Any CPU.ActiveCfg = Debug|Any CPU
		{FB81E450-7F5B-45F6-A371-E6733D8E8F8F}.Debug|Any CPU.Build.0 = Debug|Any CPU
		{FB81E450-7F5B-45F6-A371-E6733D8E8F8F}.Release|Any CPU.ActiveCfg = Release|Any CPU
		{FB81E450-7F5B-45F6-A371-E6733D8E8F8F}.Release|Any CPU.Build.0 = Release|Any CPU
		{9741517B-F9A9-4CA4-A3BE-432BF881A339}.Debug|Any CPU.ActiveCfg = Debug|Any CPU
		{9741517B-F9A9-4CA4-A3BE-432BF881A339}.Debug|Any CPU.Build.0 = Debug|Any CPU
		{9741517B-F9A9-4CA4-A3BE-432BF881A339}.Release|Any CPU.ActiveCfg = Release|Any CPU
		{9741517B-F9A9-4CA4-A3BE-432BF881A339}.Release|Any CPU.Build.0 = Release|Any CPU
		{795AF844-932C-409C-90C4-FCCA24DE076A}.Debug|Any CPU.ActiveCfg = Debug|Any CPU
		{795AF844-932C-409C-90C4-FCCA24DE076A}.Debug|Any CPU.Build.0 = Debug|Any CPU
		{795AF844-932C-409C-90C4-FCCA24DE076A}.Release|Any CPU.ActiveCfg = Release|Any CPU
		{795AF844-932C-409C-90C4-FCCA24DE076A}.Release|Any CPU.Build.0 = Release|Any CPU
		{8904DE99-7185-4961-8D9C-F621D3B68281}.Debug|Any CPU.ActiveCfg = Debug|Any CPU
		{8904DE99-7185-4961-8D9C-F621D3B68281}.Debug|Any CPU.Build.0 = Debug|Any CPU
		{8904DE99-7185-4961-8D9C-F621D3B68281}.Release|Any CPU.ActiveCfg = Release|Any CPU
		{8904DE99-7185-4961-8D9C-F621D3B68281}.Release|Any CPU.Build.0 = Release|Any CPU
		{8F624408-944E-4607-99E1-C1CE81182B0C}.Debug|Any CPU.ActiveCfg = Debug|Any CPU
		{8F624408-944E-4607-99E1-C1CE81182B0C}.Debug|Any CPU.Build.0 = Debug|Any CPU
		{8F624408-944E-4607-99E1-C1CE81182B0C}.Release|Any CPU.ActiveCfg = Release|Any CPU
		{8F624408-944E-4607-99E1-C1CE81182B0C}.Release|Any CPU.Build.0 = Release|Any CPU
		{297D7AD4-9C7D-40A8-B169-131E280AFB4E}.Debug|Any CPU.ActiveCfg = Debug|Any CPU
		{297D7AD4-9C7D-40A8-B169-131E280AFB4E}.Debug|Any CPU.Build.0 = Debug|Any CPU
		{297D7AD4-9C7D-40A8-B169-131E280AFB4E}.Release|Any CPU.ActiveCfg = Release|Any CPU
		{297D7AD4-9C7D-40A8-B169-131E280AFB4E}.Release|Any CPU.Build.0 = Release|Any CPU
		{A4795B26-5F45-4A19-9843-391903FEE68A}.Debug|Any CPU.ActiveCfg = Debug|Any CPU
		{A4795B26-5F45-4A19-9843-391903FEE68A}.Debug|Any CPU.Build.0 = Debug|Any CPU
		{A4795B26-5F45-4A19-9843-391903FEE68A}.Release|Any CPU.ActiveCfg = Release|Any CPU
		{A4795B26-5F45-4A19-9843-391903FEE68A}.Release|Any CPU.Build.0 = Release|Any CPU
		{70FCE3A0-A6EC-409E-B33A-14ACABC4D3F6}.Debug|Any CPU.ActiveCfg = Debug|Any CPU
		{70FCE3A0-A6EC-409E-B33A-14ACABC4D3F6}.Debug|Any CPU.Build.0 = Debug|Any CPU
		{70FCE3A0-A6EC-409E-B33A-14ACABC4D3F6}.Release|Any CPU.ActiveCfg = Release|Any CPU
		{70FCE3A0-A6EC-409E-B33A-14ACABC4D3F6}.Release|Any CPU.Build.0 = Release|Any CPU
		{D6D9FF10-4FD4-4617-946B-83EA9312DA3D}.Debug|Any CPU.ActiveCfg = Debug|Any CPU
		{D6D9FF10-4FD4-4617-946B-83EA9312DA3D}.Debug|Any CPU.Build.0 = Debug|Any CPU
		{D6D9FF10-4FD4-4617-946B-83EA9312DA3D}.Release|Any CPU.ActiveCfg = Release|Any CPU
		{D6D9FF10-4FD4-4617-946B-83EA9312DA3D}.Release|Any CPU.Build.0 = Release|Any CPU
		{2E8CF8A7-FAFE-4274-8A1F-D1F37EACC303}.Debug|Any CPU.ActiveCfg = Debug|Any CPU
		{2E8CF8A7-FAFE-4274-8A1F-D1F37EACC303}.Debug|Any CPU.Build.0 = Debug|Any CPU
		{2E8CF8A7-FAFE-4274-8A1F-D1F37EACC303}.Release|Any CPU.ActiveCfg = Release|Any CPU
		{2E8CF8A7-FAFE-4274-8A1F-D1F37EACC303}.Release|Any CPU.Build.0 = Release|Any CPU
	EndGlobalSection
	GlobalSection(NestedProjects) = preSolution
		{70642CDB-7598-45E0-9147-97F258AA3CDB} = {FD7AD439-043E-48AA-BAFA-CF3C6ED84975}
		{CF46FAC0-8B73-4679-AA33-48D35A8A9A2E} = {3EF55394-1362-4F02-8A10-C71C928E47A7}
		{E43BA17B-3CAA-4B0E-BDCF-B15FC08269BE} = {3EF55394-1362-4F02-8A10-C71C928E47A7}
		{3EE6A650-3997-4A41-A369-3884CF2463A1} = {820595C5-2BB9-4E9F-AF99-199F2D8FB189}
		{89CA637A-7783-4E21-A8C2-7114825F4F3C} = {820595C5-2BB9-4E9F-AF99-199F2D8FB189}
		{01F65C21-2E97-48F0-8D02-C9BFBEA4E89E} = {820595C5-2BB9-4E9F-AF99-199F2D8FB189}
		{80959C6A-1390-4CB2-ADE4-59BD4E0AA4E1} = {C66F1D73-9011-4227-B409-9F1E92480D56}
		{07C0B567-4592-4017-A6E2-D55117874408} = {C66F1D73-9011-4227-B409-9F1E92480D56}
		{85A84B34-C5BA-4055-BDD6-3DBD1A477202} = {32B83C64-1DE3-46B5-8540-942A14419162}
		{0B0FFAAF-F749-407C-A0E9-3FF996D3A33F} = {32B83C64-1DE3-46B5-8540-942A14419162}
		{AF11B2B1-D97A-450B-90F9-861A008BD511} = {1BC05D3B-475C-4405-8033-6F5129A4A8B6}
		{338769E6-08F7-42BA-B1BD-824875B2BFBA} = {1BC05D3B-475C-4405-8033-6F5129A4A8B6}
		{FB81E450-7F5B-45F6-A371-E6733D8E8F8F} = {01238A0F-03B7-4275-9A57-41C652A31DBA}
		{9741517B-F9A9-4CA4-A3BE-432BF881A339} = {01238A0F-03B7-4275-9A57-41C652A31DBA}
		{795AF844-932C-409C-90C4-FCCA24DE076A} = {7FD31B2C-E19F-4B93-A396-C7A815DDFAA0}
		{8904DE99-7185-4961-8D9C-F621D3B68281} = {7FD31B2C-E19F-4B93-A396-C7A815DDFAA0}
		{8F624408-944E-4607-99E1-C1CE81182B0C} = {091FD808-C450-4A08-A048-57F762EDE3A4}
		{297D7AD4-9C7D-40A8-B169-131E280AFB4E} = {091FD808-C450-4A08-A048-57F762EDE3A4}
		{A4795B26-5F45-4A19-9843-391903FEE68A} = {44CC80B7-2390-4FE6-A286-E9225F663534}
		{70FCE3A0-A6EC-409E-B33A-14ACABC4D3F6} = {44CC80B7-2390-4FE6-A286-E9225F663534}
		{D6D9FF10-4FD4-4617-946B-83EA9312DA3D} = {4732E965-0A8D-423F-A267-3CE11A378974}
		{2E8CF8A7-FAFE-4274-8A1F-D1F37EACC303} = {4732E965-0A8D-423F-A267-3CE11A378974}
	EndGlobalSection
EndGlobal
