
Microsoft Visual Studio Solution File, Format Version 12.00
# Visual Studio Version 17
VisualStudioVersion = 17.0.31903.59
MinimumVisualStudioVersion = 10.0.40219.1
Project("{2150E333-8FDC-42A3-9474-1A3956D46DE8}") = "day1", "day1", "{FD7AD439-043E-48AA-BAFA-CF3C6ED84975}"
EndProject
Project("{FAE04EC0-301F-11D3-BF4B-00C04F79EFBC}") = "Day1", "day1\Day1\Day1.csproj", "{70642CDB-7598-45E0-9147-97F258AA3CDB}"
EndProject
Project("{2150E333-8FDC-42A3-9474-1A3956D46DE8}") = "day4", "day4", "{3EF55394-1362-4F02-8A10-C71C928E47A7}"
EndProject
Project("{FAE04EC0-301F-11D3-BF4B-00C04F79EFBC}") = "Day4", "day4\Day4\Day4.csproj", "{CF46FAC0-8B73-4679-AA33-48D35A8A9A2E}"
EndProject
Project("{FAE04EC0-301F-11D3-BF4B-00C04F79EFBC}") = "Day4.Tests", "day4\Day4.Tests\Day4.Tests.csproj", "{E43BA17B-3CAA-4B0E-BDCF-B15FC08269BE}"
EndProject
Project("{2150E333-8FDC-42A3-9474-1A3956D46DE8}") = "day2", "day2", "{C66F1D73-9011-4227-B409-9F1E92480D56}"
EndProject
Project("{FAE04EC0-301F-11D3-BF4B-00C04F79EFBC}") = "Day2", "day2\Day2\Day2.csproj", "{80959C6A-1390-4CB2-ADE4-59BD4E0AA4E1}"
EndProject
Project("{FAE04EC0-301F-11D3-BF4B-00C04F79EFBC}") = "Day2.Tests", "day2\Day2.Tests\Day2.Tests.csproj", "{07C0B567-4592-4017-A6E2-D55117874408}"
EndProject
Project("{2150E333-8FDC-42A3-9474-1A3956D46DE8}") = "day3", "day3", "{32B83C64-1DE3-46B5-8540-942A14419162}"
EndProject
Project("{FAE04EC0-301F-11D3-BF4B-00C04F79EFBC}") = "Day3", "day3\Day3\Day3.csproj", "{85A84B34-C5BA-4055-BDD6-3DBD1A477202}"
EndProject
Project("{FAE04EC0-301F-11D3-BF4B-00C04F79EFBC}") = "Day3.Tests", "day3\Day3.Tests\Day3.Tests.csproj", "{0B0FFAAF-F749-407C-A0E9-3FF996D3A33F}"
EndProject
Global
	GlobalSection(SolutionConfigurationPlatforms) = preSolution
		Debug|Any CPU = Debug|Any CPU
		Release|Any CPU = Release|Any CPU
	EndGlobalSection
	GlobalSection(SolutionProperties) = preSolution
		HideSolutionNode = FALSE
	EndGlobalSection
	GlobalSection(ProjectConfigurationPlatforms) = postSolution
		{70642CDB-7598-45E0-9147-97F258AA3CDB}.Debug|Any CPU.ActiveCfg = Debug|Any CPU
		{70642CDB-7598-45E0-9147-97F258AA3CDB}.Debug|Any CPU.Build.0 = Debug|Any CPU
		{70642CDB-7598-45E0-9147-97F258AA3CDB}.Release|Any CPU.ActiveCfg = Release|Any CPU
		{70642CDB-7598-45E0-9147-97F258AA3CDB}.Release|Any CPU.Build.0 = Release|Any CPU
		{CF46FAC0-8B73-4679-AA33-48D35A8A9A2E}.Debug|Any CPU.ActiveCfg = Debug|Any CPU
		{CF46FAC0-8B73-4679-AA33-48D35A8A9A2E}.Debug|Any CPU.Build.0 = Debug|Any CPU
		{CF46FAC0-8B73-4679-AA33-48D35A8A9A2E}.Release|Any CPU.ActiveCfg = Release|Any CPU
		{CF46FAC0-8B73-4679-AA33-48D35A8A9A2E}.Release|Any CPU.Build.0 = Release|Any CPU
		{E43BA17B-3CAA-4B0E-BDCF-B15FC08269BE}.Debug|Any CPU.ActiveCfg = Debug|Any CPU
		{E43BA17B-3CAA-4B0E-BDCF-B15FC08269BE}.Debug|Any CPU.Build.0 = Debug|Any CPU
		{E43BA17B-3CAA-4B0E-BDCF-B15FC08269BE}.Release|Any CPU.ActiveCfg = Release|Any CPU
		{E43BA17B-3CAA-4B0E-BDCF-B15FC08269BE}.Release|Any CPU.Build.0 = Release|Any CPU
		{3EE6A650-3997-4A41-A369-3884CF2463A1}.Debug|Any CPU.ActiveCfg = Debug|Any CPU
		{3EE6A650-3997-4A41-A369-3884CF2463A1}.Debug|Any CPU.Build.0 = Debug|Any CPU
		{3EE6A650-3997-4A41-A369-3884CF2463A1}.Release|Any CPU.ActiveCfg = Release|Any CPU
		{3EE6A650-3997-4A41-A369-3884CF2463A1}.Release|Any CPU.Build.0 = Release|Any CPU
		{89CA637A-7783-4E21-A8C2-7114825F4F3C}.Debug|Any CPU.ActiveCfg = Debug|Any CPU
		{89CA637A-7783-4E21-A8C2-7114825F4F3C}.Debug|Any CPU.Build.0 = Debug|Any CPU
		{89CA637A-7783-4E21-A8C2-7114825F4F3C}.Release|Any CPU.ActiveCfg = Release|Any CPU
		{89CA637A-7783-4E21-A8C2-7114825F4F3C}.Release|Any CPU.Build.0 = Release|Any CPU
		{01F65C21-2E97-48F0-8D02-C9BFBEA4E89E}.Debug|Any CPU.ActiveCfg = Debug|Any CPU
		{01F65C21-2E97-48F0-8D02-C9BFBEA4E89E}.Debug|Any CPU.Build.0 = Debug|Any CPU
		{01F65C21-2E97-48F0-8D02-C9BFBEA4E89E}.Release|Any CPU.ActiveCfg = Release|Any CPU
		{01F65C21-2E97-48F0-8D02-C9BFBEA4E89E}.Release|Any CPU.Build.0 = Release|Any CPU
		{80959C6A-1390-4CB2-ADE4-59BD4E0AA4E1}.Debug|Any CPU.ActiveCfg = Debug|Any CPU
		{80959C6A-1390-4CB2-ADE4-59BD4E0AA4E1}.Debug|Any CPU.Build.0 = Debug|Any CPU
		{80959C6A-1390-4CB2-ADE4-59BD4E0AA4E1}.Release|Any CPU.ActiveCfg = Release|Any CPU
		{80959C6A-1390-4CB2-ADE4-59BD4E0AA4E1}.Release|Any CPU.Build.0 = Release|Any CPU
		{07C0B567-4592-4017-A6E2-D55117874408}.Debug|Any CPU.ActiveCfg = Debug|Any CPU
		{07C0B567-4592-4017-A6E2-D55117874408}.Debug|Any CPU.Build.0 = Debug|Any CPU
		{07C0B567-4592-4017-A6E2-D55117874408}.Release|Any CPU.ActiveCfg = Release|Any CPU
		{07C0B567-4592-4017-A6E2-D55117874408}.Release|Any CPU.Build.0 = Release|Any CPU
		{85A84B34-C5BA-4055-BDD6-3DBD1A477202}.Debug|Any CPU.ActiveCfg = Debug|Any CPU
		{85A84B34-C5BA-4055-BDD6-3DBD1A477202}.Debug|Any CPU.Build.0 = Debug|Any CPU
		{85A84B34-C5BA-4055-BDD6-3DBD1A477202}.Release|Any CPU.ActiveCfg = Release|Any CPU
		{85A84B34-C5BA-4055-BDD6-3DBD1A477202}.Release|Any CPU.Build.0 = Release|Any CPU
		{0B0FFAAF-F749-407C-A0E9-3FF996D3A33F}.Debug|Any CPU.ActiveCfg = Debug|Any CPU
		{0B0FFAAF-F749-407C-A0E9-3FF996D3A33F}.Debug|Any CPU.Build.0 = Debug|Any CPU
		{0B0FFAAF-F749-407C-A0E9-3FF996D3A33F}.Release|Any CPU.ActiveCfg = Release|Any CPU
		{0B0FFAAF-F749-407C-A0E9-3FF996D3A33F}.Release|Any CPU.Build.0 = Release|Any CPU
	EndGlobalSection
	GlobalSection(NestedProjects) = preSolution
		{70642CDB-7598-45E0-9147-97F258AA3CDB} = {FD7AD439-043E-48AA-BAFA-CF3C6ED84975}
		{CF46FAC0-8B73-4679-AA33-48D35A8A9A2E} = {3EF55394-1362-4F02-8A10-C71C928E47A7}
		{E43BA17B-3CAA-4B0E-BDCF-B15FC08269BE} = {3EF55394-1362-4F02-8A10-C71C928E47A7}
		{3EE6A650-3997-4A41-A369-3884CF2463A1} = {820595C5-2BB9-4E9F-AF99-199F2D8FB189}
		{89CA637A-7783-4E21-A8C2-7114825F4F3C} = {820595C5-2BB9-4E9F-AF99-199F2D8FB189}
		{01F65C21-2E97-48F0-8D02-C9BFBEA4E89E} = {820595C5-2BB9-4E9F-AF99-199F2D8FB189}
		{80959C6A-1390-4CB2-ADE4-59BD4E0AA4E1} = {C66F1D73-9011-4227-B409-9F1E92480D56}
		{07C0B567-4592-4017-A6E2-D55117874408} = {C66F1D73-9011-4227-B409-9F1E92480D56}
		{85A84B34-C5BA-4055-BDD6-3DBD1A477202} = {32B83C64-1DE3-46B5-8540-942A14419162}
		{0B0FFAAF-F749-407C-A0E9-3FF996D3A33F} = {32B83C64-1DE3-46B5-8540-942A14419162}
	EndGlobalSection
EndGlobal
